
Microsoft Visual Studio Solution File, Format Version 12.00
# Visual Studio Version 16
VisualStudioVersion = 16.0.30717.126
MinimumVisualStudioVersion = 10.0.40219.1
Project("{FAE04EC0-301F-11D3-BF4B-00C04F79EFBC}") = "RandomLevel", "RandomLevel\RandomLevel.csproj", "{9E742628-EC45-459D-8329-F3B25D9B19CC}"
EndProject
Global
	GlobalSection(SolutionConfigurationPlatforms) = preSolution
		Debug|Any CPU = Debug|Any CPU
		Release|Any CPU = Release|Any CPU
	EndGlobalSection
	GlobalSection(ProjectConfigurationPlatforms) = postSolution
		{9E742628-EC45-459D-8329-F3B25D9B19CC}.Debug|Any CPU.ActiveCfg = Debug|Any CPU
		{9E742628-EC45-459D-8329-F3B25D9B19CC}.Debug|Any CPU.Build.0 = Debug|Any CPU
		{9E742628-EC45-459D-8329-F3B25D9B19CC}.Release|Any CPU.ActiveCfg = Release|Any CPU
		{9E742628-EC45-459D-8329-F3B25D9B19CC}.Release|Any CPU.Build.0 = Release|Any CPU
	EndGlobalSection
	GlobalSection(SolutionProperties) = preSolution
		HideSolutionNode = FALSE
	EndGlobalSection
	GlobalSection(ExtensibilityGlobals) = postSolution
		SolutionGuid = {A5C250BB-CF3E-4B1E-8593-063E60DE3D68}
	EndGlobalSection
EndGlobal
